{
  "object": {
    "pins": [
      {
        "package": "XcodeEdit",
        "repositoryURL": "https://github.com/tomlokhorst/XcodeEdit",
        "state": {
          "branch": null,
          "revision": "dc76efefc4370b754c55cc586f8e6603080c6ac8",
          "version": "2.7.6"
        }
      }
    ]
  },
  "version": 1
}
